// !$*UTF8*$!
{
	archiveVersion = 1;
	classes = {
	};
	objectVersion = 55;
	objects = {

/* Begin PBXBuildFile section */
		5A5E3EF8285D8F6C00B9E9FF /* AppDelegate.swift in Sources */ = {isa = PBXBuildFile; fileRef = 5A5E3EF7285D8F6C00B9E9FF /* AppDelegate.swift */; };
		5A5E3EFA285D8F6C00B9E9FF /* SceneDelegate.swift in Sources */ = {isa = PBXBuildFile; fileRef = 5A5E3EF9285D8F6C00B9E9FF /* SceneDelegate.swift */; };
		5A5E3EFC285D8F6C00B9E9FF /* ViewController.swift in Sources */ = {isa = PBXBuildFile; fileRef = 5A5E3EFB285D8F6C00B9E9FF /* ViewController.swift */; };
		5A5E3EFF285D8F6C00B9E9FF /* Main.storyboard in Resources */ = {isa = PBXBuildFile; fileRef = 5A5E3EFD285D8F6C00B9E9FF /* Main.storyboard */; };
		5A5E3F01285D8F7300B9E9FF /* Assets.xcassets in Resources */ = {isa = PBXBuildFile; fileRef = 5A5E3F00285D8F7300B9E9FF /* Assets.xcassets */; };
		5A5E3F04285D8F7300B9E9FF /* LaunchScreen.storyboard in Resources */ = {isa = PBXBuildFile; fileRef = 5A5E3F02285D8F7300B9E9FF /* LaunchScreen.storyboard */; };
		5A5E3F0F285D8F7300B9E9FF /* TestProgressBarTests.swift in Sources */ = {isa = PBXBuildFile; fileRef = 5A5E3F0E285D8F7300B9E9FF /* TestProgressBarTests.swift */; };
		5A5E3F19285D8F7300B9E9FF /* TestProgressBarUITests.swift in Sources */ = {isa = PBXBuildFile; fileRef = 5A5E3F18285D8F7300B9E9FF /* TestProgressBarUITests.swift */; };
		5A5E3F1B285D8F7300B9E9FF /* TestProgressBarUITestsLaunchTests.swift in Sources */ = {isa = PBXBuildFile; fileRef = 5A5E3F1A285D8F7300B9E9FF /* TestProgressBarUITestsLaunchTests.swift */; };
/* End PBXBuildFile section */

/* Begin PBXContainerItemProxy section */
		5A5E3F0B285D8F7300B9E9FF /* PBXContainerItemProxy */ = {
			isa = PBXContainerItemProxy;
			containerPortal = 5A5E3EEC285D8F6C00B9E9FF /* Project object */;
			proxyType = 1;
			remoteGlobalIDString = 5A5E3EF3285D8F6C00B9E9FF;
			remoteInfo = TestProgressBar;
		};
		5A5E3F15285D8F7300B9E9FF /* PBXContainerItemProxy */ = {
			isa = PBXContainerItemProxy;
			containerPortal = 5A5E3EEC285D8F6C00B9E9FF /* Project object */;
			proxyType = 1;
			remoteGlobalIDString = 5A5E3EF3285D8F6C00B9E9FF;
			remoteInfo = TestProgressBar;
		};
/* End PBXContainerItemProxy section */

/* Begin PBXFileReference section */
		5A5E3EF4285D8F6C00B9E9FF /* TestProgressBar.app */ = {isa = PBXFileReference; explicitFileType = wrapper.application; includeInIndex = 0; path = TestProgressBar.app; sourceTree = BUILT_PRODUCTS_DIR; };
		5A5E3EF7285D8F6C00B9E9FF /* AppDelegate.swift */ = {isa = PBXFileReference; lastKnownFileType = sourcecode.swift; path = AppDelegate.swift; sourceTree = "<group>"; };
		5A5E3EF9285D8F6C00B9E9FF /* SceneDelegate.swift */ = {isa = PBXFileReference; lastKnownFileType = sourcecode.swift; path = SceneDelegate.swift; sourceTree = "<group>"; };
		5A5E3EFB285D8F6C00B9E9FF /* ViewController.swift */ = {isa = PBXFileReference; lastKnownFileType = sourcecode.swift; path = ViewController.swift; sourceTree = "<group>"; };
		5A5E3EFE285D8F6C00B9E9FF /* Base */ = {isa = PBXFileReference; lastKnownFileType = file.storyboard; name = Base; path = Base.lproj/Main.storyboard; sourceTree = "<group>"; };
		5A5E3F00285D8F7300B9E9FF /* Assets.xcassets */ = {isa = PBXFileReference; lastKnownFileType = folder.assetcatalog; path = Assets.xcassets; sourceTree = "<group>"; };
		5A5E3F03285D8F7300B9E9FF /* Base */ = {isa = PBXFileReference; lastKnownFileType = file.storyboard; name = Base; path = Base.lproj/LaunchScreen.storyboard; sourceTree = "<group>"; };
		5A5E3F05285D8F7300B9E9FF /* Info.plist */ = {isa = PBXFileReference; lastKnownFileType = text.plist.xml; path = Info.plist; sourceTree = "<group>"; };
		5A5E3F0A285D8F7300B9E9FF /* TestProgressBarTests.xctest */ = {isa = PBXFileReference; explicitFileType = wrapper.cfbundle; includeInIndex = 0; path = TestProgressBarTests.xctest; sourceTree = BUILT_PRODUCTS_DIR; };
		5A5E3F0E285D8F7300B9E9FF /* TestProgressBarTests.swift */ = {isa = PBXFileReference; lastKnownFileType = sourcecode.swift; path = TestProgressBarTests.swift; sourceTree = "<group>"; };
		5A5E3F14285D8F7300B9E9FF /* TestProgressBarUITests.xctest */ = {isa = PBXFileReference; explicitFileType = wrapper.cfbundle; includeInIndex = 0; path = TestProgressBarUITests.xctest; sourceTree = BUILT_PRODUCTS_DIR; };
		5A5E3F18285D8F7300B9E9FF /* TestProgressBarUITests.swift */ = {isa = PBXFileReference; lastKnownFileType = sourcecode.swift; path = TestProgressBarUITests.swift; sourceTree = "<group>"; };
		5A5E3F1A285D8F7300B9E9FF /* TestProgressBarUITestsLaunchTests.swift */ = {isa = PBXFileReference; lastKnownFileType = sourcecode.swift; path = TestProgressBarUITestsLaunchTests.swift; sourceTree = "<group>"; };
/* End PBXFileReference section */

/* Begin PBXFrameworksBuildPhase section */
		5A5E3EF1285D8F6C00B9E9FF /* Frameworks */ = {
			isa = PBXFrameworksBuildPhase;
			buildActionMask = 2147483647;
			files = (
			);
			runOnlyForDeploymentPostprocessing = 0;
		};
		5A5E3F07285D8F7300B9E9FF /* Frameworks */ = {
			isa = PBXFrameworksBuildPhase;
			buildActionMask = 2147483647;
			files = (
			);
			runOnlyForDeploymentPostprocessing = 0;
		};
		5A5E3F11285D8F7300B9E9FF /* Frameworks */ = {
			isa = PBXFrameworksBuildPhase;
			buildActionMask = 2147483647;
			files = (
			);
			runOnlyForDeploymentPostprocessing = 0;
		};
/* End PBXFrameworksBuildPhase section */

/* Begin PBXGroup section */
		5A5E3EEB285D8F6C00B9E9FF = {
			isa = PBXGroup;
			children = (
				5A5E3EF6285D8F6C00B9E9FF /* TestProgressBar */,
				5A5E3F0D285D8F7300B9E9FF /* TestProgressBarTests */,
				5A5E3F17285D8F7300B9E9FF /* TestProgressBarUITests */,
				5A5E3EF5285D8F6C00B9E9FF /* Products */,
			);
			sourceTree = "<group>";
		};
		5A5E3EF5285D8F6C00B9E9FF /* Products */ = {
			isa = PBXGroup;
			children = (
				5A5E3EF4285D8F6C00B9E9FF /* TestProgressBar.app */,
				5A5E3F0A285D8F7300B9E9FF /* TestProgressBarTests.xctest */,
				5A5E3F14285D8F7300B9E9FF /* TestProgressBarUITests.xctest */,
			);
			name = Products;
			sourceTree = "<group>";
		};
		5A5E3EF6285D8F6C00B9E9FF /* TestProgressBar */ = {
			isa = PBXGroup;
			children = (
				5A5E3EF7285D8F6C00B9E9FF /* AppDelegate.swift */,
				5A5E3EF9285D8F6C00B9E9FF /* SceneDelegate.swift */,
				5A5E3EFB285D8F6C00B9E9FF /* ViewController.swift */,
				5A5E3EFD285D8F6C00B9E9FF /* Main.storyboard */,
				5A5E3F00285D8F7300B9E9FF /* Assets.xcassets */,
				5A5E3F02285D8F7300B9E9FF /* LaunchScreen.storyboard */,
				5A5E3F05285D8F7300B9E9FF /* Info.plist */,
			);
			path = TestProgressBar;
			sourceTree = "<group>";
		};
		5A5E3F0D285D8F7300B9E9FF /* TestProgressBarTests */ = {
			isa = PBXGroup;
			children = (
				5A5E3F0E285D8F7300B9E9FF /* TestProgressBarTests.swift */,
			);
			path = TestProgressBarTests;
			sourceTree = "<group>";
		};
		5A5E3F17285D8F7300B9E9FF /* TestProgressBarUITests */ = {
			isa = PBXGroup;
			children = (
				5A5E3F18285D8F7300B9E9FF /* TestProgressBarUITests.swift */,
				5A5E3F1A285D8F7300B9E9FF /* TestProgressBarUITestsLaunchTests.swift */,
			);
			path = TestProgressBarUITests;
			sourceTree = "<group>";
		};
/* End PBXGroup section */

/* Begin PBXNativeTarget section */
		5A5E3EF3285D8F6C00B9E9FF /* TestProgressBar */ = {
			isa = PBXNativeTarget;
			buildConfigurationList = 5A5E3F1E285D8F7300B9E9FF /* Build configuration list for PBXNativeTarget "TestProgressBar" */;
			buildPhases = (
				5A5E3EF0285D8F6C00B9E9FF /* Sources */,
				5A5E3EF1285D8F6C00B9E9FF /* Frameworks */,
				5A5E3EF2285D8F6C00B9E9FF /* Resources */,
			);
			buildRules = (
			);
			dependencies = (
			);
			name = TestProgressBar;
			productName = TestProgressBar;
			productReference = 5A5E3EF4285D8F6C00B9E9FF /* TestProgressBar.app */;
			productType = "com.apple.product-type.application";
		};
		5A5E3F09285D8F7300B9E9FF /* TestProgressBarTests */ = {
			isa = PBXNativeTarget;
			buildConfigurationList = 5A5E3F21285D8F7300B9E9FF /* Build configuration list for PBXNativeTarget "TestProgressBarTests" */;
			buildPhases = (
				5A5E3F06285D8F7300B9E9FF /* Sources */,
				5A5E3F07285D8F7300B9E9FF /* Frameworks */,
				5A5E3F08285D8F7300B9E9FF /* Resources */,
			);
			buildRules = (
			);
			dependencies = (
				5A5E3F0C285D8F7300B9E9FF /* PBXTargetDependency */,
			);
			name = TestProgressBarTests;
			productName = TestProgressBarTests;
			productReference = 5A5E3F0A285D8F7300B9E9FF /* TestProgressBarTests.xctest */;
			productType = "com.apple.product-type.bundle.unit-test";
		};
		5A5E3F13285D8F7300B9E9FF /* TestProgressBarUITests */ = {
			isa = PBXNativeTarget;
			buildConfigurationList = 5A5E3F24285D8F7300B9E9FF /* Build configuration list for PBXNativeTarget "TestProgressBarUITests" */;
			buildPhases = (
				5A5E3F10285D8F7300B9E9FF /* Sources */,
				5A5E3F11285D8F7300B9E9FF /* Frameworks */,
				5A5E3F12285D8F7300B9E9FF /* Resources */,
			);
			buildRules = (
			);
			dependencies = (
				5A5E3F16285D8F7300B9E9FF /* PBXTargetDependency */,
			);
			name = TestProgressBarUITests;
			productName = TestProgressBarUITests;
			productReference = 5A5E3F14285D8F7300B9E9FF /* TestProgressBarUITests.xctest */;
			productType = "com.apple.product-type.bundle.ui-testing";
		};
/* End PBXNativeTarget section */

/* Begin PBXProject section */
		5A5E3EEC285D8F6C00B9E9FF /* Project object */ = {
			isa = PBXProject;
			attributes = {
				BuildIndependentTargetsInParallel = 1;
				LastSwiftUpdateCheck = 1340;
				LastUpgradeCheck = 1340;
				TargetAttributes = {
					5A5E3EF3285D8F6C00B9E9FF = {
						CreatedOnToolsVersion = 13.4;
					};
					5A5E3F09285D8F7300B9E9FF = {
						CreatedOnToolsVersion = 13.4;
						TestTargetID = 5A5E3EF3285D8F6C00B9E9FF;
					};
					5A5E3F13285D8F7300B9E9FF = {
						CreatedOnToolsVersion = 13.4;
						TestTargetID = 5A5E3EF3285D8F6C00B9E9FF;
					};
				};
			};
			buildConfigurationList = 5A5E3EEF285D8F6C00B9E9FF /* Build configuration list for PBXProject "TestProgressBar" */;
			compatibilityVersion = "Xcode 13.0";
			developmentRegion = en;
			hasScannedForEncodings = 0;
			knownRegions = (
				en,
				Base,
			);
			mainGroup = 5A5E3EEB285D8F6C00B9E9FF;
			productRefGroup = 5A5E3EF5285D8F6C00B9E9FF /* Products */;
			projectDirPath = "";
			projectRoot = "";
			targets = (
				5A5E3EF3285D8F6C00B9E9FF /* TestProgressBar */,
				5A5E3F09285D8F7300B9E9FF /* TestProgressBarTests */,
				5A5E3F13285D8F7300B9E9FF /* TestProgressBarUITests */,
			);
		};
/* End PBXProject section */

/* Begin PBXResourcesBuildPhase section */
		5A5E3EF2285D8F6C00B9E9FF /* Resources */ = {
			isa = PBXResourcesBuildPhase;
			buildActionMask = 2147483647;
			files = (
				5A5E3F04285D8F7300B9E9FF /* LaunchScreen.storyboard in Resources */,
				5A5E3F01285D8F7300B9E9FF /* Assets.xcassets in Resources */,
				5A5E3EFF285D8F6C00B9E9FF /* Main.storyboard in Resources */,
			);
			runOnlyForDeploymentPostprocessing = 0;
		};
		5A5E3F08285D8F7300B9E9FF /* Resources */ = {
			isa = PBXResourcesBuildPhase;
			buildActionMask = 2147483647;
			files = (
			);
			runOnlyForDeploymentPostprocessing = 0;
		};
		5A5E3F12285D8F7300B9E9FF /* Resources */ = {
			isa = PBXResourcesBuildPhase;
			buildActionMask = 2147483647;
			files = (
			);
			runOnlyForDeploymentPostprocessing = 0;
		};
/* End PBXResourcesBuildPhase section */

/* Begin PBXSourcesBuildPhase section */
		5A5E3EF0285D8F6C00B9E9FF /* Sources */ = {
			isa = PBXSourcesBuildPhase;
			buildActionMask = 2147483647;
			files = (
				5A5E3EFC285D8F6C00B9E9FF /* ViewController.swift in Sources */,
				5A5E3EF8285D8F6C00B9E9FF /* AppDelegate.swift in Sources */,
				5A5E3EFA285D8F6C00B9E9FF /* SceneDelegate.swift in Sources */,
			);
			runOnlyForDeploymentPostprocessing = 0;
		};
		5A5E3F06285D8F7300B9E9FF /* Sources */ = {
			isa = PBXSourcesBuildPhase;
			buildActionMask = 2147483647;
			files = (
				5A5E3F0F285D8F7300B9E9FF /* TestProgressBarTests.swift in Sources */,
			);
			runOnlyForDeploymentPostprocessing = 0;
		};
		5A5E3F10285D8F7300B9E9FF /* Sources */ = {
			isa = PBXSourcesBuildPhase;
			buildActionMask = 2147483647;
			files = (
				5A5E3F19285D8F7300B9E9FF /* TestProgressBarUITests.swift in Sources */,
				5A5E3F1B285D8F7300B9E9FF /* TestProgressBarUITestsLaunchTests.swift in Sources */,
			);
			runOnlyForDeploymentPostprocessing = 0;
		};
/* End PBXSourcesBuildPhase section */

/* Begin PBXTargetDependency section */
		5A5E3F0C285D8F7300B9E9FF /* PBXTargetDependency */ = {
			isa = PBXTargetDependency;
			target = 5A5E3EF3285D8F6C00B9E9FF /* TestProgressBar */;
			targetProxy = 5A5E3F0B285D8F7300B9E9FF /* PBXContainerItemProxy */;
		};
		5A5E3F16285D8F7300B9E9FF /* PBXTargetDependency */ = {
			isa = PBXTargetDependency;
			target = 5A5E3EF3285D8F6C00B9E9FF /* TestProgressBar */;
			targetProxy = 5A5E3F15285D8F7300B9E9FF /* PBXContainerItemProxy */;
		};
/* End PBXTargetDependency section */

/* Begin PBXVariantGroup section */
		5A5E3EFD285D8F6C00B9E9FF /* Main.storyboard */ = {
			isa = PBXVariantGroup;
			children = (
				5A5E3EFE285D8F6C00B9E9FF /* Base */,
			);
			name = Main.storyboard;
			sourceTree = "<group>";
		};
		5A5E3F02285D8F7300B9E9FF /* LaunchScreen.storyboard */ = {
			isa = PBXVariantGroup;
			children = (
				5A5E3F03285D8F7300B9E9FF /* Base */,
			);
			name = LaunchScreen.storyboard;
			sourceTree = "<group>";
		};
/* End PBXVariantGroup section */

/* Begin XCBuildConfiguration section */
		5A5E3F1C285D8F7300B9E9FF /* Debug */ = {
			isa = XCBuildConfiguration;
			buildSettings = {
				ALWAYS_SEARCH_USER_PATHS = NO;
				CLANG_ANALYZER_NONNULL = YES;
				CLANG_ANALYZER_NUMBER_OBJECT_CONVERSION = YES_AGGRESSIVE;
				CLANG_CXX_LANGUAGE_STANDARD = "gnu++17";
				CLANG_ENABLE_MODULES = YES;
				CLANG_ENABLE_OBJC_ARC = YES;
				CLANG_ENABLE_OBJC_WEAK = YES;
				CLANG_WARN_BLOCK_CAPTURE_AUTORELEASING = YES;
				CLANG_WARN_BOOL_CONVERSION = YES;
				CLANG_WARN_COMMA = YES;
				CLANG_WARN_CONSTANT_CONVERSION = YES;
				CLANG_WARN_DEPRECATED_OBJC_IMPLEMENTATIONS = YES;
				CLANG_WARN_DIRECT_OBJC_ISA_USAGE = YES_ERROR;
				CLANG_WARN_DOCUMENTATION_COMMENTS = YES;
				CLANG_WARN_EMPTY_BODY = YES;
				CLANG_WARN_ENUM_CONVERSION = YES;
				CLANG_WARN_INFINITE_RECURSION = YES;
				CLANG_WARN_INT_CONVERSION = YES;
				CLANG_WARN_NON_LITERAL_NULL_CONVERSION = YES;
				CLANG_WARN_OBJC_IMPLICIT_RETAIN_SELF = YES;
				CLANG_WARN_OBJC_LITERAL_CONVERSION = YES;
				CLANG_WARN_OBJC_ROOT_CLASS = YES_ERROR;
				CLANG_WARN_QUOTED_INCLUDE_IN_FRAMEWORK_HEADER = YES;
				CLANG_WARN_RANGE_LOOP_ANALYSIS = YES;
				CLANG_WARN_STRICT_PROTOTYPES = YES;
				CLANG_WARN_SUSPICIOUS_MOVE = YES;
				CLANG_WARN_UNGUARDED_AVAILABILITY = YES_AGGRESSIVE;
				CLANG_WARN_UNREACHABLE_CODE = YES;
				CLANG_WARN__DUPLICATE_METHOD_MATCH = YES;
				COPY_PHASE_STRIP = NO;
				DEBUG_INFORMATION_FORMAT = dwarf;
				ENABLE_STRICT_OBJC_MSGSEND = YES;
				ENABLE_TESTABILITY = YES;
				GCC_C_LANGUAGE_STANDARD = gnu11;
				GCC_DYNAMIC_NO_PIC = NO;
				GCC_NO_COMMON_BLOCKS = YES;
				GCC_OPTIMIZATION_LEVEL = 0;
				GCC_PREPROCESSOR_DEFINITIONS = (
					"DEBUG=1",
					"$(inherited)",
				);
				GCC_WARN_64_TO_32_BIT_CONVERSION = YES;
				GCC_WARN_ABOUT_RETURN_TYPE = YES_ERROR;
				GCC_WARN_UNDECLARED_SELECTOR = YES;
				GCC_WARN_UNINITIALIZED_AUTOS = YES_AGGRESSIVE;
				GCC_WARN_UNUSED_FUNCTION = YES;
				GCC_WARN_UNUSED_VARIABLE = YES;
				IPHONEOS_DEPLOYMENT_TARGET = 15.5;
				MTL_ENABLE_DEBUG_INFO = INCLUDE_SOURCE;
				MTL_FAST_MATH = YES;
				ONLY_ACTIVE_ARCH = YES;
				SDKROOT = iphoneos;
				SWIFT_ACTIVE_COMPILATION_CONDITIONS = DEBUG;
				SWIFT_OPTIMIZATION_LEVEL = "-Onone";
			};
			name = Debug;
		};
		5A5E3F1D285D8F7300B9E9FF /* Release */ = {
			isa = XCBuildConfiguration;
			buildSettings = {
				ALWAYS_SEARCH_USER_PATHS = NO;
				CLANG_ANALYZER_NONNULL = YES;
				CLANG_ANALYZER_NUMBER_OBJECT_CONVERSION = YES_AGGRESSIVE;
				CLANG_CXX_LANGUAGE_STANDARD = "gnu++17";
				CLANG_ENABLE_MODULES = YES;
				CLANG_ENABLE_OBJC_ARC = YES;
				CLANG_ENABLE_OBJC_WEAK = YES;
				CLANG_WARN_BLOCK_CAPTURE_AUTORELEASING = YES;
				CLANG_WARN_BOOL_CONVERSION = YES;
				CLANG_WARN_COMMA = YES;
				CLANG_WARN_CONSTANT_CONVERSION = YES;
				CLANG_WARN_DEPRECATED_OBJC_IMPLEMENTATIONS = YES;
				CLANG_WARN_DIRECT_OBJC_ISA_USAGE = YES_ERROR;
				CLANG_WARN_DOCUMENTATION_COMMENTS = YES;
				CLANG_WARN_EMPTY_BODY = YES;
				CLANG_WARN_ENUM_CONVERSION = YES;
				CLANG_WARN_INFINITE_RECURSION = YES;
				CLANG_WARN_INT_CONVERSION = YES;
				CLANG_WARN_NON_LITERAL_NULL_CONVERSION = YES;
				CLANG_WARN_OBJC_IMPLICIT_RETAIN_SELF = YES;
				CLANG_WARN_OBJC_LITERAL_CONVERSION = YES;
				CLANG_WARN_OBJC_ROOT_CLASS = YES_ERROR;
				CLANG_WARN_QUOTED_INCLUDE_IN_FRAMEWORK_HEADER = YES;
				CLANG_WARN_RANGE_LOOP_ANALYSIS = YES;
				CLANG_WARN_STRICT_PROTOTYPES = YES;
				CLANG_WARN_SUSPICIOUS_MOVE = YES;
				CLANG_WARN_UNGUARDED_AVAILABILITY = YES_AGGRESSIVE;
				CLANG_WARN_UNREACHABLE_CODE = YES;
				CLANG_WARN__DUPLICATE_METHOD_MATCH = YES;
				COPY_PHASE_STRIP = NO;
				DEBUG_INFORMATION_FORMAT = "dwarf-with-dsym";
				ENABLE_NS_ASSERTIONS = NO;
				ENABLE_STRICT_OBJC_MSGSEND = YES;
				GCC_C_LANGUAGE_STANDARD = gnu11;
				GCC_NO_COMMON_BLOCKS = YES;
				GCC_WARN_64_TO_32_BIT_CONVERSION = YES;
				GCC_WARN_ABOUT_RETURN_TYPE = YES_ERROR;
				GCC_WARN_UNDECLARED_SELECTOR = YES;
				GCC_WARN_UNINITIALIZED_AUTOS = YES_AGGRESSIVE;
				GCC_WARN_UNUSED_FUNCTION = YES;
				GCC_WARN_UNUSED_VARIABLE = YES;
				IPHONEOS_DEPLOYMENT_TARGET = 15.5;
				MTL_ENABLE_DEBUG_INFO = NO;
				MTL_FAST_MATH = YES;
				SDKROOT = iphoneos;
				SWIFT_COMPILATION_MODE = wholemodule;
				SWIFT_OPTIMIZATION_LEVEL = "-O";
				VALIDATE_PRODUCT = YES;
			};
			name = Release;
		};
		5A5E3F1F285D8F7300B9E9FF /* Debug */ = {
			isa = XCBuildConfiguration;
			buildSettings = {
				ASSETCATALOG_COMPILER_APPICON_NAME = AppIcon;
				ASSETCATALOG_COMPILER_GLOBAL_ACCENT_COLOR_NAME = AccentColor;
				CODE_SIGN_STYLE = Automatic;
				CURRENT_PROJECT_VERSION = 1;
				GENERATE_INFOPLIST_FILE = YES;
				INFOPLIST_FILE = TestProgressBar/Info.plist;
				INFOPLIST_KEY_UIApplicationSupportsIndirectInputEvents = YES;
				INFOPLIST_KEY_UILaunchStoryboardName = LaunchScreen;
				INFOPLIST_KEY_UIMainStoryboardFile = Main;
				INFOPLIST_KEY_UISupportedInterfaceOrientations_iPad = "UIInterfaceOrientationPortrait UIInterfaceOrientationPortraitUpsideDown UIInterfaceOrientationLandscapeLeft UIInterfaceOrientationLandscapeRight";
				INFOPLIST_KEY_UISupportedInterfaceOrientations_iPhone = "UIInterfaceOrientationPortrait UIInterfaceOrientationLandscapeLeft UIInterfaceOrientationLandscapeRight";
				LD_RUNPATH_SEARCH_PATHS = (
					"$(inherited)",
					"@executable_path/Frameworks",
				);
				MARKETING_VERSION = 1.0;
				PRODUCT_BUNDLE_IDENTIFIER = im.hiro.TestProgressBar;
				PRODUCT_NAME = "$(TARGET_NAME)";
				SWIFT_EMIT_LOC_STRINGS = YES;
				SWIFT_VERSION = 5.0;
				TARGETED_DEVICE_FAMILY = "1,2";
			};
			name = Debug;
		};
		5A5E3F20285D8F7300B9E9FF /* Release */ = {
			isa = XCBuildConfiguration;
			buildSettings = {
				ASSETCATALOG_COMPILER_APPICON_NAME = AppIcon;
				ASSETCATALOG_COMPILER_GLOBAL_ACCENT_COLOR_NAME = AccentColor;
				CODE_SIGN_STYLE = Automatic;
				CURRENT_PROJECT_VERSION = 1;
				GENERATE_INFOPLIST_FILE = YES;
				INFOPLIST_FILE = TestProgressBar/Info.plist;
				INFOPLIST_KEY_UIApplicationSupportsIndirectInputEvents = YES;
				INFOPLIST_KEY_UILaunchStoryboardName = LaunchScreen;
				INFOPLIST_KEY_UIMainStoryboardFile = Main;
				INFOPLIST_KEY_UISupportedInterfaceOrientations_iPad = "UIInterfaceOrientationPortrait UIInterfaceOrientationPortraitUpsideDown UIInterfaceOrientationLandscapeLeft UIInterfaceOrientationLandscapeRight";
				INFOPLIST_KEY_UISupportedInterfaceOrientations_iPhone = "UIInterfaceOrientationPortrait UIInterfaceOrientationLandscapeLeft UIInterfaceOrientationLandscapeRight";
				LD_RUNPATH_SEARCH_PATHS = (
					"$(inherited)",
					"@executable_path/Frameworks",
				);
				MARKETING_VERSION = 1.0;
				PRODUCT_BUNDLE_IDENTIFIER = im.hiro.TestProgressBar;
				PRODUCT_NAME = "$(TARGET_NAME)";
				SWIFT_EMIT_LOC_STRINGS = YES;
				SWIFT_VERSION = 5.0;
				TARGETED_DEVICE_FAMILY = "1,2";
			};
			name = Release;
		};
		5A5E3F22285D8F7300B9E9FF /* Debug */ = {
			isa = XCBuildConfiguration;
			buildSettings = {
				ALWAYS_EMBED_SWIFT_STANDARD_LIBRARIES = YES;
				BUNDLE_LOADER = "$(TEST_HOST)";
				CODE_SIGN_STYLE = Automatic;
				CURRENT_PROJECT_VERSION = 1;
				GENERATE_INFOPLIST_FILE = YES;
				IPHONEOS_DEPLOYMENT_TARGET = 15.5;
				MARKETING_VERSION = 1.0;
				PRODUCT_BUNDLE_IDENTIFIER = im.hiro.TestProgressBarTests;
				PRODUCT_NAME = "$(TARGET_NAME)";
				SWIFT_EMIT_LOC_STRINGS = NO;
				SWIFT_VERSION = 5.0;
				TARGETED_DEVICE_FAMILY = "1,2";
				TEST_HOST = "$(BUILT_PRODUCTS_DIR)/TestProgressBar.app/TestProgressBar";
			};
			name = Debug;
		};
		5A5E3F23285D8F7300B9E9FF /* Release */ = {
			isa = XCBuildConfiguration;
			buildSettings = {
				ALWAYS_EMBED_SWIFT_STANDARD_LIBRARIES = YES;
				BUNDLE_LOADER = "$(TEST_HOST)";
				CODE_SIGN_STYLE = Automatic;
				CURRENT_PROJECT_VERSION = 1;
				GENERATE_INFOPLIST_FILE = YES;
				IPHONEOS_DEPLOYMENT_TARGET = 15.5;
				MARKETING_VERSION = 1.0;
				PRODUCT_BUNDLE_IDENTIFIER = im.hiro.TestProgressBarTests;
				PRODUCT_NAME = "$(TARGET_NAME)";
				SWIFT_EMIT_LOC_STRINGS = NO;
				SWIFT_VERSION = 5.0;
				TARGETED_DEVICE_FAMILY = "1,2";
				TEST_HOST = "$(BUILT_PRODUCTS_DIR)/TestProgressBar.app/TestProgressBar";
			};
			name = Release;
		};
		5A5E3F25285D8F7300B9E9FF /* Debug */ = {
			isa = XCBuildConfiguration;
			buildSettings = {
				ALWAYS_EMBED_SWIFT_STANDARD_LIBRARIES = YES;
				CODE_SIGN_STYLE = Automatic;
				CURRENT_PROJECT_VERSION = 1;
				GENERATE_INFOPLIST_FILE = YES;
				MARKETING_VERSION = 1.0;
				PRODUCT_BUNDLE_IDENTIFIER = im.hiro.TestProgressBarUITests;
				PRODUCT_NAME = "$(TARGET_NAME)";
				SWIFT_EMIT_LOC_STRINGS = NO;
				SWIFT_VERSION = 5.0;
				TARGETED_DEVICE_FAMILY = "1,2";
				TEST_TARGET_NAME = TestProgressBar;
			};
			name = Debug;
		};
		5A5E3F26285D8F7300B9E9FF /* Release */ = {
			isa = XCBuildConfiguration;
			buildSettings = {
				ALWAYS_EMBED_SWIFT_STANDARD_LIBRARIES = YES;
				CODE_SIGN_STYLE = Automatic;
				CURRENT_PROJECT_VERSION = 1;
				GENERATE_INFOPLIST_FILE = YES;
				MARKETING_VERSION = 1.0;
				PRODUCT_BUNDLE_IDENTIFIER = im.hiro.TestProgressBarUITests;
				PRODUCT_NAME = "$(TARGET_NAME)";
				SWIFT_EMIT_LOC_STRINGS = NO;
				SWIFT_VERSION = 5.0;
				TARGETED_DEVICE_FAMILY = "1,2";
				TEST_TARGET_NAME = TestProgressBar;
			};
			name = Release;
		};
/* End XCBuildConfiguration section */

/* Begin XCConfigurationList section */
		5A5E3EEF285D8F6C00B9E9FF /* Build configuration list for PBXProject "TestProgressBar" */ = {
			isa = XCConfigurationList;
			buildConfigurations = (
				5A5E3F1C285D8F7300B9E9FF /* Debug */,
				5A5E3F1D285D8F7300B9E9FF /* Release */,
			);
			defaultConfigurationIsVisible = 0;
			defaultConfigurationName = Release;
		};
		5A5E3F1E285D8F7300B9E9FF /* Build configuration list for PBXNativeTarget "TestProgressBar" */ = {
			isa = XCConfigurationList;
			buildConfigurations = (
				5A5E3F1F285D8F7300B9E9FF /* Debug */,
				5A5E3F20285D8F7300B9E9FF /* Release */,
			);
			defaultConfigurationIsVisible = 0;
			defaultConfigurationName = Release;
		};
		5A5E3F21285D8F7300B9E9FF /* Build configuration list for PBXNativeTarget "TestProgressBarTests" */ = {
			isa = XCConfigurationList;
			buildConfigurations = (
				5A5E3F22285D8F7300B9E9FF /* Debug */,
				5A5E3F23285D8F7300B9E9FF /* Release */,
			);
			defaultConfigurationIsVisible = 0;
			defaultConfigurationName = Release;
		};
		5A5E3F24285D8F7300B9E9FF /* Build configuration list for PBXNativeTarget "TestProgressBarUITests" */ = {
			isa = XCConfigurationList;
			buildConfigurations = (
				5A5E3F25285D8F7300B9E9FF /* Debug */,
				5A5E3F26285D8F7300B9E9FF /* Release */,
			);
			defaultConfigurationIsVisible = 0;
			defaultConfigurationName = Release;
		};
/* End XCConfigurationList section */
	};
	rootObject = 5A5E3EEC285D8F6C00B9E9FF /* Project object */;
}
